
Microsoft Visual Studio Solution File, Format Version 12.00
# Visual Studio Version 17
VisualStudioVersion = 17.14.36414.22 d17.14
MinimumVisualStudioVersion = 10.0.40219.1
Project("{FAE04EC0-301F-11D3-BF4B-00C04F79EFBC}") = "Final_TallerProgramacion", "Final_TallerProgramacion\Final_TallerProgramacion.csproj", "{F6778613-05FA-44A5-A3F8-9E0813B3A8FD}"
EndProject
Global
	GlobalSection(SolutionConfigurationPlatforms) = preSolution
		Debug|Any CPU = Debug|Any CPU
		Release|Any CPU = Release|Any CPU
	EndGlobalSection
	GlobalSection(ProjectConfigurationPlatforms) = postSolution
		{F6778613-05FA-44A5-A3F8-9E0813B3A8FD}.Debug|Any CPU.ActiveCfg = Debug|Any CPU
		{F6778613-05FA-44A5-A3F8-9E0813B3A8FD}.Debug|Any CPU.Build.0 = Debug|Any CPU
		{F6778613-05FA-44A5-A3F8-9E0813B3A8FD}.Release|Any CPU.ActiveCfg = Release|Any CPU
		{F6778613-05FA-44A5-A3F8-9E0813B3A8FD}.Release|Any CPU.Build.0 = Release|Any CPU
	EndGlobalSection
	GlobalSection(SolutionProperties) = preSolution
		HideSolutionNode = FALSE
	EndGlobalSection
	GlobalSection(ExtensibilityGlobals) = postSolution
		SolutionGuid = {6DE51D17-4181-4234-AB97-92FD60E0789B}
	EndGlobalSection
EndGlobal
